// !$*UTF8*$!
{
	archiveVersion = 1;
	classes = {
	};
	objectVersion = 77;
	objects = {

/* Begin PBXContainerItemProxy section */
		FB9622182CD972FF003C3E6A /* PBXContainerItemProxy */ = {
			isa = PBXContainerItemProxy;
			containerPortal = FB9621FF2CD972FE003C3E6A /* Project object */;
			proxyType = 1;
			remoteGlobalIDString = FB9622062CD972FE003C3E6A;
			remoteInfo = ProjectP;
		};
		FB9622222CD972FF003C3E6A /* PBXContainerItemProxy */ = {
			isa = PBXContainerItemProxy;
			containerPortal = FB9621FF2CD972FE003C3E6A /* Project object */;
			proxyType = 1;
			remoteGlobalIDString = FB9622062CD972FE003C3E6A;
			remoteInfo = ProjectP;
		};
/* End PBXContainerItemProxy section */

/* Begin PBXFileReference section */
		FB0543582CDC0E9E006DA15D /* ProjectPLogic */ = {isa = PBXFileReference; lastKnownFileType = wrapper; path = ProjectPLogic; sourceTree = "<group>"; };
		FB0543592CDC0EDB006DA15D /* ProjectPCLI */ = {isa = PBXFileReference; lastKnownFileType = wrapper; path = ProjectPCLI; sourceTree = "<group>"; };
		FB9622072CD972FE003C3E6A /* ProjectP.app */ = {isa = PBXFileReference; explicitFileType = wrapper.application; includeInIndex = 0; path = ProjectP.app; sourceTree = BUILT_PRODUCTS_DIR; };
		FB9622172CD972FF003C3E6A /* ProjectPTests.xctest */ = {isa = PBXFileReference; explicitFileType = wrapper.cfbundle; includeInIndex = 0; path = ProjectPTests.xctest; sourceTree = BUILT_PRODUCTS_DIR; };
		FB9622212CD972FF003C3E6A /* ProjectPUITests.xctest */ = {isa = PBXFileReference; explicitFileType = wrapper.cfbundle; includeInIndex = 0; path = ProjectPUITests.xctest; sourceTree = BUILT_PRODUCTS_DIR; };
/* End PBXFileReference section */

/* Begin PBXFileSystemSynchronizedRootGroup section */
		FB9622092CD972FE003C3E6A /* ProjectP */ = {
			isa = PBXFileSystemSynchronizedRootGroup;
			path = ProjectP;
			sourceTree = "<group>";
		};
		FB96221A2CD972FF003C3E6A /* ProjectPTests */ = {
			isa = PBXFileSystemSynchronizedRootGroup;
			path = ProjectPTests;
			sourceTree = "<group>";
		};
		FB9622242CD972FF003C3E6A /* ProjectPUITests */ = {
			isa = PBXFileSystemSynchronizedRootGroup;
			path = ProjectPUITests;
			sourceTree = "<group>";
		};
/* End PBXFileSystemSynchronizedRootGroup section */

/* Begin PBXFrameworksBuildPhase section */
		FB9622042CD972FE003C3E6A /* Frameworks */ = {
			isa = PBXFrameworksBuildPhase;
			buildActionMask = 2147483647;
			files = (
			);
			runOnlyForDeploymentPostprocessing = 0;
		};
		FB9622142CD972FF003C3E6A /* Frameworks */ = {
			isa = PBXFrameworksBuildPhase;
			buildActionMask = 2147483647;
			files = (
			);
			runOnlyForDeploymentPostprocessing = 0;
		};
		FB96221E2CD972FF003C3E6A /* Frameworks */ = {
			isa = PBXFrameworksBuildPhase;
			buildActionMask = 2147483647;
			files = (
			);
			runOnlyForDeploymentPostprocessing = 0;
		};
/* End PBXFrameworksBuildPhase section */

/* Begin PBXGroup section */
		FB9621FE2CD972FE003C3E6A = {
			isa = PBXGroup;
			children = (
				FB0543592CDC0EDB006DA15D /* ProjectPCLI */,
				FB0543582CDC0E9E006DA15D /* ProjectPLogic */,
				FB9622092CD972FE003C3E6A /* ProjectP */,
				FB96221A2CD972FF003C3E6A /* ProjectPTests */,
				FB9622242CD972FF003C3E6A /* ProjectPUITests */,
				FB9622082CD972FE003C3E6A /* Products */,
			);
			sourceTree = "<group>";
		};
		FB9622082CD972FE003C3E6A /* Products */ = {
			isa = PBXGroup;
			children = (
				FB9622072CD972FE003C3E6A /* ProjectP.app */,
				FB9622172CD972FF003C3E6A /* ProjectPTests.xctest */,
				FB9622212CD972FF003C3E6A /* ProjectPUITests.xctest */,
			);
			name = Products;
			sourceTree = "<group>";
		};
/* End PBXGroup section */

/* Begin PBXNativeTarget section */
		FB9622062CD972FE003C3E6A /* ProjectP */ = {
			isa = PBXNativeTarget;
			buildConfigurationList = FB96222B2CD972FF003C3E6A /* Build configuration list for PBXNativeTarget "ProjectP" */;
			buildPhases = (
				FB9622032CD972FE003C3E6A /* Sources */,
				FB9622042CD972FE003C3E6A /* Frameworks */,
				FB9622052CD972FE003C3E6A /* Resources */,
			);
			buildRules = (
			);
			dependencies = (
				FB87FC062CD9797900D5EAEA /* PBXTargetDependency */,
			);
			fileSystemSynchronizedGroups = (
				FB9622092CD972FE003C3E6A /* ProjectP */,
			);
			name = ProjectP;
			packageProductDependencies = (
			);
			productName = ProjectP;
			productReference = FB9622072CD972FE003C3E6A /* ProjectP.app */;
			productType = "com.apple.product-type.application";
		};
		FB9622162CD972FF003C3E6A /* ProjectPTests */ = {
			isa = PBXNativeTarget;
			buildConfigurationList = FB96222E2CD972FF003C3E6A /* Build configuration list for PBXNativeTarget "ProjectPTests" */;
			buildPhases = (
				FB9622132CD972FF003C3E6A /* Sources */,
				FB9622142CD972FF003C3E6A /* Frameworks */,
				FB9622152CD972FF003C3E6A /* Resources */,
			);
			buildRules = (
			);
			dependencies = (
				FB9622192CD972FF003C3E6A /* PBXTargetDependency */,
			);
			fileSystemSynchronizedGroups = (
				FB96221A2CD972FF003C3E6A /* ProjectPTests */,
			);
			name = ProjectPTests;
			packageProductDependencies = (
			);
			productName = ProjectPTests;
			productReference = FB9622172CD972FF003C3E6A /* ProjectPTests.xctest */;
			productType = "com.apple.product-type.bundle.unit-test";
		};
		FB9622202CD972FF003C3E6A /* ProjectPUITests */ = {
			isa = PBXNativeTarget;
			buildConfigurationList = FB9622312CD972FF003C3E6A /* Build configuration list for PBXNativeTarget "ProjectPUITests" */;
			buildPhases = (
				FB96221D2CD972FF003C3E6A /* Sources */,
				FB96221E2CD972FF003C3E6A /* Frameworks */,
				FB96221F2CD972FF003C3E6A /* Resources */,
			);
			buildRules = (
			);
			dependencies = (
				FB9622232CD972FF003C3E6A /* PBXTargetDependency */,
			);
			fileSystemSynchronizedGroups = (
				FB9622242CD972FF003C3E6A /* ProjectPUITests */,
			);
			name = ProjectPUITests;
			packageProductDependencies = (
			);
			productName = ProjectPUITests;
			productReference = FB9622212CD972FF003C3E6A /* ProjectPUITests.xctest */;
			productType = "com.apple.product-type.bundle.ui-testing";
		};
/* End PBXNativeTarget section */

/* Begin PBXProject section */
		FB9621FF2CD972FE003C3E6A /* Project object */ = {
			isa = PBXProject;
			attributes = {
				BuildIndependentTargetsInParallel = 1;
				LastSwiftUpdateCheck = 1600;
				LastUpgradeCheck = 1600;
				TargetAttributes = {
					FB9622062CD972FE003C3E6A = {
						CreatedOnToolsVersion = 16.0;
					};
					FB9622162CD972FF003C3E6A = {
						CreatedOnToolsVersion = 16.0;
						TestTargetID = FB9622062CD972FE003C3E6A;
					};
					FB9622202CD972FF003C3E6A = {
						CreatedOnToolsVersion = 16.0;
						TestTargetID = FB9622062CD972FE003C3E6A;
					};
				};
			};
			buildConfigurationList = FB9622022CD972FE003C3E6A /* Build configuration list for PBXProject "ProjectP" */;
			developmentRegion = en;
			hasScannedForEncodings = 0;
			knownRegions = (
				en,
				Base,
			);
			mainGroup = FB9621FE2CD972FE003C3E6A;
			minimizedProjectReferenceProxies = 1;
			packageReferences = (
				FB9622402CD978A0003C3E6A /* XCRemoteSwiftPackageReference "SwiftLintPlugins" */,
			);
			preferredProjectObjectVersion = 77;
			productRefGroup = FB9622082CD972FE003C3E6A /* Products */;
			projectDirPath = "";
			projectRoot = "";
			targets = (
				FB9622062CD972FE003C3E6A /* ProjectP */,
				FB9622162CD972FF003C3E6A /* ProjectPTests */,
				FB9622202CD972FF003C3E6A /* ProjectPUITests */,
			);
		};
/* End PBXProject section */

/* Begin PBXResourcesBuildPhase section */
		FB9622052CD972FE003C3E6A /* Resources */ = {
			isa = PBXResourcesBuildPhase;
			buildActionMask = 2147483647;
			files = (
			);
			runOnlyForDeploymentPostprocessing = 0;
		};
		FB9622152CD972FF003C3E6A /* Resources */ = {
			isa = PBXResourcesBuildPhase;
			buildActionMask = 2147483647;
			files = (
			);
			runOnlyForDeploymentPostprocessing = 0;
		};
		FB96221F2CD972FF003C3E6A /* Resources */ = {
			isa = PBXResourcesBuildPhase;
			buildActionMask = 2147483647;
			files = (
			);
			runOnlyForDeploymentPostprocessing = 0;
		};
/* End PBXResourcesBuildPhase section */

/* Begin PBXSourcesBuildPhase section */
		FB9622032CD972FE003C3E6A /* Sources */ = {
			isa = PBXSourcesBuildPhase;
			buildActionMask = 2147483647;
			files = (
			);
			runOnlyForDeploymentPostprocessing = 0;
		};
		FB9622132CD972FF003C3E6A /* Sources */ = {
			isa = PBXSourcesBuildPhase;
			buildActionMask = 2147483647;
			files = (
			);
			runOnlyForDeploymentPostprocessing = 0;
		};
		FB96221D2CD972FF003C3E6A /* Sources */ = {
			isa = PBXSourcesBuildPhase;
			buildActionMask = 2147483647;
			files = (
			);
			runOnlyForDeploymentPostprocessing = 0;
		};
/* End PBXSourcesBuildPhase section */

/* Begin PBXTargetDependency section */
		FB87FC062CD9797900D5EAEA /* PBXTargetDependency */ = {
			isa = PBXTargetDependency;
			productRef = FB87FC052CD9797900D5EAEA /* SwiftLintBuildToolPlugin */;
		};
		FB9622192CD972FF003C3E6A /* PBXTargetDependency */ = {
			isa = PBXTargetDependency;
			target = FB9622062CD972FE003C3E6A /* ProjectP */;
			targetProxy = FB9622182CD972FF003C3E6A /* PBXContainerItemProxy */;
		};
		FB9622232CD972FF003C3E6A /* PBXTargetDependency */ = {
			isa = PBXTargetDependency;
			target = FB9622062CD972FE003C3E6A /* ProjectP */;
			targetProxy = FB9622222CD972FF003C3E6A /* PBXContainerItemProxy */;
		};
/* End PBXTargetDependency section */

/* Begin XCBuildConfiguration section */
		FB9622292CD972FF003C3E6A /* Debug */ = {
			isa = XCBuildConfiguration;
			buildSettings = {
				ALWAYS_SEARCH_USER_PATHS = NO;
				ASSETCATALOG_COMPILER_GENERATE_SWIFT_ASSET_SYMBOL_EXTENSIONS = YES;
				CLANG_ANALYZER_NONNULL = YES;
				CLANG_ANALYZER_NUMBER_OBJECT_CONVERSION = YES_AGGRESSIVE;
				CLANG_CXX_LANGUAGE_STANDARD = "gnu++20";
				CLANG_ENABLE_MODULES = YES;
				CLANG_ENABLE_OBJC_ARC = YES;
				CLANG_ENABLE_OBJC_WEAK = YES;
				CLANG_WARN_BLOCK_CAPTURE_AUTORELEASING = YES;
				CLANG_WARN_BOOL_CONVERSION = YES;
				CLANG_WARN_COMMA = YES;
				CLANG_WARN_CONSTANT_CONVERSION = YES;
				CLANG_WARN_DEPRECATED_OBJC_IMPLEMENTATIONS = YES;
				CLANG_WARN_DIRECT_OBJC_ISA_USAGE = YES_ERROR;
				CLANG_WARN_DOCUMENTATION_COMMENTS = YES;
				CLANG_WARN_EMPTY_BODY = YES;
				CLANG_WARN_ENUM_CONVERSION = YES;
				CLANG_WARN_INFINITE_RECURSION = YES;
				CLANG_WARN_INT_CONVERSION = YES;
				CLANG_WARN_NON_LITERAL_NULL_CONVERSION = YES;
				CLANG_WARN_OBJC_IMPLICIT_RETAIN_SELF = YES;
				CLANG_WARN_OBJC_LITERAL_CONVERSION = YES;
				CLANG_WARN_OBJC_ROOT_CLASS = YES_ERROR;
				CLANG_WARN_QUOTED_INCLUDE_IN_FRAMEWORK_HEADER = YES;
				CLANG_WARN_RANGE_LOOP_ANALYSIS = YES;
				CLANG_WARN_STRICT_PROTOTYPES = YES;
				CLANG_WARN_SUSPICIOUS_MOVE = YES;
				CLANG_WARN_UNGUARDED_AVAILABILITY = YES_AGGRESSIVE;
				CLANG_WARN_UNREACHABLE_CODE = YES;
				CLANG_WARN__DUPLICATE_METHOD_MATCH = YES;
				COPY_PHASE_STRIP = NO;
				DEBUG_INFORMATION_FORMAT = dwarf;
				ENABLE_STRICT_OBJC_MSGSEND = YES;
				ENABLE_TESTABILITY = YES;
				ENABLE_USER_SCRIPT_SANDBOXING = YES;
				GCC_C_LANGUAGE_STANDARD = gnu17;
				GCC_DYNAMIC_NO_PIC = NO;
				GCC_NO_COMMON_BLOCKS = YES;
				GCC_OPTIMIZATION_LEVEL = 0;
				GCC_PREPROCESSOR_DEFINITIONS = (
					"DEBUG=1",
					"$(inherited)",
				);
				GCC_WARN_64_TO_32_BIT_CONVERSION = YES;
				GCC_WARN_ABOUT_RETURN_TYPE = YES_ERROR;
				GCC_WARN_UNDECLARED_SELECTOR = YES;
				GCC_WARN_UNINITIALIZED_AUTOS = YES_AGGRESSIVE;
				GCC_WARN_UNUSED_FUNCTION = YES;
				GCC_WARN_UNUSED_VARIABLE = YES;
				IPHONEOS_DEPLOYMENT_TARGET = 18.0;
				LOCALIZATION_PREFERS_STRING_CATALOGS = YES;
				MTL_ENABLE_DEBUG_INFO = INCLUDE_SOURCE;
				MTL_FAST_MATH = YES;
				ONLY_ACTIVE_ARCH = YES;
				SDKROOT = iphoneos;
				SWIFT_ACTIVE_COMPILATION_CONDITIONS = "DEBUG $(inherited)";
				SWIFT_OPTIMIZATION_LEVEL = "-Onone";
			};
			name = Debug;
		};
		FB96222A2CD972FF003C3E6A /* Release */ = {
			isa = XCBuildConfiguration;
			buildSettings = {
				ALWAYS_SEARCH_USER_PATHS = NO;
				ASSETCATALOG_COMPILER_GENERATE_SWIFT_ASSET_SYMBOL_EXTENSIONS = YES;
				CLANG_ANALYZER_NONNULL = YES;
				CLANG_ANALYZER_NUMBER_OBJECT_CONVERSION = YES_AGGRESSIVE;
				CLANG_CXX_LANGUAGE_STANDARD = "gnu++20";
				CLANG_ENABLE_MODULES = YES;
				CLANG_ENABLE_OBJC_ARC = YES;
				CLANG_ENABLE_OBJC_WEAK = YES;
				CLANG_WARN_BLOCK_CAPTURE_AUTORELEASING = YES;
				CLANG_WARN_BOOL_CONVERSION = YES;
				CLANG_WARN_COMMA = YES;
				CLANG_WARN_CONSTANT_CONVERSION = YES;
				CLANG_WARN_DEPRECATED_OBJC_IMPLEMENTATIONS = YES;
				CLANG_WARN_DIRECT_OBJC_ISA_USAGE = YES_ERROR;
				CLANG_WARN_DOCUMENTATION_COMMENTS = YES;
				CLANG_WARN_EMPTY_BODY = YES;
				CLANG_WARN_ENUM_CONVERSION = YES;
				CLANG_WARN_INFINITE_RECURSION = YES;
				CLANG_WARN_INT_CONVERSION = YES;
				CLANG_WARN_NON_LITERAL_NULL_CONVERSION = YES;
				CLANG_WARN_OBJC_IMPLICIT_RETAIN_SELF = YES;
				CLANG_WARN_OBJC_LITERAL_CONVERSION = YES;
				CLANG_WARN_OBJC_ROOT_CLASS = YES_ERROR;
				CLANG_WARN_QUOTED_INCLUDE_IN_FRAMEWORK_HEADER = YES;
				CLANG_WARN_RANGE_LOOP_ANALYSIS = YES;
				CLANG_WARN_STRICT_PROTOTYPES = YES;
				CLANG_WARN_SUSPICIOUS_MOVE = YES;
				CLANG_WARN_UNGUARDED_AVAILABILITY = YES_AGGRESSIVE;
				CLANG_WARN_UNREACHABLE_CODE = YES;
				CLANG_WARN__DUPLICATE_METHOD_MATCH = YES;
				COPY_PHASE_STRIP = NO;
				DEBUG_INFORMATION_FORMAT = "dwarf-with-dsym";
				ENABLE_NS_ASSERTIONS = NO;
				ENABLE_STRICT_OBJC_MSGSEND = YES;
				ENABLE_USER_SCRIPT_SANDBOXING = YES;
				GCC_C_LANGUAGE_STANDARD = gnu17;
				GCC_NO_COMMON_BLOCKS = YES;
				GCC_WARN_64_TO_32_BIT_CONVERSION = YES;
				GCC_WARN_ABOUT_RETURN_TYPE = YES_ERROR;
				GCC_WARN_UNDECLARED_SELECTOR = YES;
				GCC_WARN_UNINITIALIZED_AUTOS = YES_AGGRESSIVE;
				GCC_WARN_UNUSED_FUNCTION = YES;
				GCC_WARN_UNUSED_VARIABLE = YES;
				IPHONEOS_DEPLOYMENT_TARGET = 18.0;
				LOCALIZATION_PREFERS_STRING_CATALOGS = YES;
				MTL_ENABLE_DEBUG_INFO = NO;
				MTL_FAST_MATH = YES;
				SDKROOT = iphoneos;
				SWIFT_COMPILATION_MODE = wholemodule;
				VALIDATE_PRODUCT = YES;
			};
			name = Release;
		};
		FB96222C2CD972FF003C3E6A /* Debug */ = {
			isa = XCBuildConfiguration;
			buildSettings = {
				ASSETCATALOG_COMPILER_APPICON_NAME = AppIcon;
				ASSETCATALOG_COMPILER_GLOBAL_ACCENT_COLOR_NAME = AccentColor;
				CODE_SIGN_STYLE = Automatic;
				CURRENT_PROJECT_VERSION = 1;
				ENABLE_PREVIEWS = YES;
				GENERATE_INFOPLIST_FILE = YES;
				INFOPLIST_KEY_UIApplicationSceneManifest_Generation = YES;
				INFOPLIST_KEY_UIApplicationSupportsIndirectInputEvents = YES;
				INFOPLIST_KEY_UILaunchScreen_Generation = YES;
				INFOPLIST_KEY_UISupportedInterfaceOrientations_iPad = "UIInterfaceOrientationPortrait UIInterfaceOrientationPortraitUpsideDown UIInterfaceOrientationLandscapeLeft UIInterfaceOrientationLandscapeRight";
				INFOPLIST_KEY_UISupportedInterfaceOrientations_iPhone = "UIInterfaceOrientationPortrait UIInterfaceOrientationLandscapeLeft UIInterfaceOrientationLandscapeRight";
				IPHONEOS_DEPLOYMENT_TARGET = 16.0;
				LD_RUNPATH_SEARCH_PATHS = (
					"$(inherited)",
					"@executable_path/Frameworks",
				);
				MARKETING_VERSION = 1.0;
				PRODUCT_BUNDLE_IDENTIFIER = edu.grinnell.csc324.ProjectP;
				PRODUCT_NAME = "$(TARGET_NAME)";
				SWIFT_EMIT_LOC_STRINGS = YES;
				SWIFT_VERSION = 5.0;
				TARGETED_DEVICE_FAMILY = "1,2";
			};
			name = Debug;
		};
		FB96222D2CD972FF003C3E6A /* Release */ = {
			isa = XCBuildConfiguration;
			buildSettings = {
				ASSETCATALOG_COMPILER_APPICON_NAME = AppIcon;
				ASSETCATALOG_COMPILER_GLOBAL_ACCENT_COLOR_NAME = AccentColor;
				CODE_SIGN_STYLE = Automatic;
				CURRENT_PROJECT_VERSION = 1;
				ENABLE_PREVIEWS = YES;
				GENERATE_INFOPLIST_FILE = YES;
				INFOPLIST_KEY_UIApplicationSceneManifest_Generation = YES;
				INFOPLIST_KEY_UIApplicationSupportsIndirectInputEvents = YES;
				INFOPLIST_KEY_UILaunchScreen_Generation = YES;
				INFOPLIST_KEY_UISupportedInterfaceOrientations_iPad = "UIInterfaceOrientationPortrait UIInterfaceOrientationPortraitUpsideDown UIInterfaceOrientationLandscapeLeft UIInterfaceOrientationLandscapeRight";
				INFOPLIST_KEY_UISupportedInterfaceOrientations_iPhone = "UIInterfaceOrientationPortrait UIInterfaceOrientationLandscapeLeft UIInterfaceOrientationLandscapeRight";
				IPHONEOS_DEPLOYMENT_TARGET = 16.0;
				LD_RUNPATH_SEARCH_PATHS = (
					"$(inherited)",
					"@executable_path/Frameworks",
				);
				MARKETING_VERSION = 1.0;
				PRODUCT_BUNDLE_IDENTIFIER = edu.grinnell.csc324.ProjectP;
				PRODUCT_NAME = "$(TARGET_NAME)";
				SWIFT_EMIT_LOC_STRINGS = YES;
				SWIFT_VERSION = 5.0;
				TARGETED_DEVICE_FAMILY = "1,2";
			};
			name = Release;
		};
		FB96222F2CD972FF003C3E6A /* Debug */ = {
			isa = XCBuildConfiguration;
			buildSettings = {
				BUNDLE_LOADER = "$(TEST_HOST)";
				CODE_SIGN_STYLE = Automatic;
				CURRENT_PROJECT_VERSION = 1;
				GENERATE_INFOPLIST_FILE = YES;
				IPHONEOS_DEPLOYMENT_TARGET = 18.0;
				MARKETING_VERSION = 1.0;
				PRODUCT_BUNDLE_IDENTIFIER = edu.grinnell.csc324.ProjectPTests;
				PRODUCT_NAME = "$(TARGET_NAME)";
				SWIFT_EMIT_LOC_STRINGS = NO;
				SWIFT_VERSION = 5.0;
				TARGETED_DEVICE_FAMILY = "1,2";
				TEST_HOST = "$(BUILT_PRODUCTS_DIR)/ProjectP.app/$(BUNDLE_EXECUTABLE_FOLDER_PATH)/ProjectP";
			};
			name = Debug;
		};
		FB9622302CD972FF003C3E6A /* Release */ = {
			isa = XCBuildConfiguration;
			buildSettings = {
				BUNDLE_LOADER = "$(TEST_HOST)";
				CODE_SIGN_STYLE = Automatic;
				CURRENT_PROJECT_VERSION = 1;
				GENERATE_INFOPLIST_FILE = YES;
				IPHONEOS_DEPLOYMENT_TARGET = 18.0;
				MARKETING_VERSION = 1.0;
				PRODUCT_BUNDLE_IDENTIFIER = edu.grinnell.csc324.ProjectPTests;
				PRODUCT_NAME = "$(TARGET_NAME)";
				SWIFT_EMIT_LOC_STRINGS = NO;
				SWIFT_VERSION = 5.0;
				TARGETED_DEVICE_FAMILY = "1,2";
				TEST_HOST = "$(BUILT_PRODUCTS_DIR)/ProjectP.app/$(BUNDLE_EXECUTABLE_FOLDER_PATH)/ProjectP";
			};
			name = Release;
		};
		FB9622322CD972FF003C3E6A /* Debug */ = {
			isa = XCBuildConfiguration;
			buildSettings = {
				CODE_SIGN_STYLE = Automatic;
				CURRENT_PROJECT_VERSION = 1;
				GENERATE_INFOPLIST_FILE = YES;
				MARKETING_VERSION = 1.0;
				PRODUCT_BUNDLE_IDENTIFIER = edu.grinnell.csc324.ProjectPUITests;
				PRODUCT_NAME = "$(TARGET_NAME)";
				SWIFT_EMIT_LOC_STRINGS = NO;
				SWIFT_VERSION = 5.0;
				TARGETED_DEVICE_FAMILY = "1,2";
				TEST_TARGET_NAME = ProjectP;
			};
			name = Debug;
		};
		FB9622332CD972FF003C3E6A /* Release */ = {
			isa = XCBuildConfiguration;
			buildSettings = {
				CODE_SIGN_STYLE = Automatic;
				CURRENT_PROJECT_VERSION = 1;
				GENERATE_INFOPLIST_FILE = YES;
				MARKETING_VERSION = 1.0;
				PRODUCT_BUNDLE_IDENTIFIER = edu.grinnell.csc324.ProjectPUITests;
				PRODUCT_NAME = "$(TARGET_NAME)";
				SWIFT_EMIT_LOC_STRINGS = NO;
				SWIFT_VERSION = 5.0;
				TARGETED_DEVICE_FAMILY = "1,2";
				TEST_TARGET_NAME = ProjectP;
			};
			name = Release;
		};
/* End XCBuildConfiguration section */

/* Begin XCConfigurationList section */
		FB9622022CD972FE003C3E6A /* Build configuration list for PBXProject "ProjectP" */ = {
			isa = XCConfigurationList;
			buildConfigurations = (
				FB9622292CD972FF003C3E6A /* Debug */,
				FB96222A2CD972FF003C3E6A /* Release */,
			);
			defaultConfigurationIsVisible = 0;
			defaultConfigurationName = Release;
		};
		FB96222B2CD972FF003C3E6A /* Build configuration list for PBXNativeTarget "ProjectP" */ = {
			isa = XCConfigurationList;
			buildConfigurations = (
				FB96222C2CD972FF003C3E6A /* Debug */,
				FB96222D2CD972FF003C3E6A /* Release */,
			);
			defaultConfigurationIsVisible = 0;
			defaultConfigurationName = Release;
		};
		FB96222E2CD972FF003C3E6A /* Build configuration list for PBXNativeTarget "ProjectPTests" */ = {
			isa = XCConfigurationList;
			buildConfigurations = (
				FB96222F2CD972FF003C3E6A /* Debug */,
				FB9622302CD972FF003C3E6A /* Release */,
			);
			defaultConfigurationIsVisible = 0;
			defaultConfigurationName = Release;
		};
		FB9622312CD972FF003C3E6A /* Build configuration list for PBXNativeTarget "ProjectPUITests" */ = {
			isa = XCConfigurationList;
			buildConfigurations = (
				FB9622322CD972FF003C3E6A /* Debug */,
				FB9622332CD972FF003C3E6A /* Release */,
			);
			defaultConfigurationIsVisible = 0;
			defaultConfigurationName = Release;
		};
/* End XCConfigurationList section */

/* Begin XCRemoteSwiftPackageReference section */
		FB9622402CD978A0003C3E6A /* XCRemoteSwiftPackageReference "SwiftLintPlugins" */ = {
			isa = XCRemoteSwiftPackageReference;
			repositoryURL = "https://github.com/SimplyDanny/SwiftLintPlugins";
			requirement = {
				kind = upToNextMajorVersion;
				minimumVersion = 0.57.0;
			};
		};
/* End XCRemoteSwiftPackageReference section */

/* Begin XCSwiftPackageProductDependency section */
		FB87FC052CD9797900D5EAEA /* SwiftLintBuildToolPlugin */ = {
			isa = XCSwiftPackageProductDependency;
			package = FB9622402CD978A0003C3E6A /* XCRemoteSwiftPackageReference "SwiftLintPlugins" */;
			productName = "plugin:SwiftLintBuildToolPlugin";
		};
/* End XCSwiftPackageProductDependency section */
	};
	rootObject = FB9621FF2CD972FE003C3E6A /* Project object */;
}
